
Microsoft Visual Studio Solution File, Format Version 12.00
# Visual Studio Version 17
VisualStudioVersion = 17.8.34511.84
MinimumVisualStudioVersion = 10.0.40219.1
Project("{9A19103F-16F7-4668-BE54-9A1E7A4F7556}") = "Practical_Assignment_221519Z", "Practical_Assignment_221519Z\Practical_Assignment_221519Z.csproj", "{BE1BEEED-D892-4AE7-9ACA-B5BFDA8ECD34}"
EndProject
Global
	GlobalSection(SolutionConfigurationPlatforms) = preSolution
		Debug|Any CPU = Debug|Any CPU
		Release|Any CPU = Release|Any CPU
	EndGlobalSection
	GlobalSection(ProjectConfigurationPlatforms) = postSolution
		{BE1BEEED-D892-4AE7-9ACA-B5BFDA8ECD34}.Debug|Any CPU.ActiveCfg = Debug|Any CPU
		{BE1BEEED-D892-4AE7-9ACA-B5BFDA8ECD34}.Debug|Any CPU.Build.0 = Debug|Any CPU
		{BE1BEEED-D892-4AE7-9ACA-B5BFDA8ECD34}.Release|Any CPU.ActiveCfg = Release|Any CPU
		{BE1BEEED-D892-4AE7-9ACA-B5BFDA8ECD34}.Release|Any CPU.Build.0 = Release|Any CPU
	EndGlobalSection
	GlobalSection(SolutionProperties) = preSolution
		HideSolutionNode = FALSE
	EndGlobalSection
	GlobalSection(ExtensibilityGlobals) = postSolution
		SolutionGuid = {63A56A60-9CEF-4CF5-8D73-4B018BEA306A}
	EndGlobalSection
EndGlobal
